
Microsoft Visual Studio Solution File, Format Version 12.00
# Visual Studio Version 17
VisualStudioVersion = 17.8.34309.116
MinimumVisualStudioVersion = 10.0.40219.1
Project("{FAE04EC0-301F-11D3-BF4B-00C04F79EFBC}") = "SistemaAlugueisVeiculos", "SistemaAlugueisVeiculos\SistemaAlugueisVeiculos.csproj", "{FB08ACAA-DB79-43F8-8FB8-B4EA01109F83}"
EndProject
Project("{FAE04EC0-301F-11D3-BF4B-00C04F79EFBC}") = "ClassLibrary", "ClassLibrary\ClassLibrary.csproj", "{3F2AC69B-344A-4551-B2BF-F9D08BCE5386}"
EndProject
Global
	GlobalSection(SolutionConfigurationPlatforms) = preSolution
		Debug|Any CPU = Debug|Any CPU
		Release|Any CPU = Release|Any CPU
	EndGlobalSection
	GlobalSection(ProjectConfigurationPlatforms) = postSolution
		{FB08ACAA-DB79-43F8-8FB8-B4EA01109F83}.Debug|Any CPU.ActiveCfg = Debug|Any CPU
		{FB08ACAA-DB79-43F8-8FB8-B4EA01109F83}.Debug|Any CPU.Build.0 = Debug|Any CPU
		{FB08ACAA-DB79-43F8-8FB8-B4EA01109F83}.Release|Any CPU.ActiveCfg = Release|Any CPU
		{FB08ACAA-DB79-43F8-8FB8-B4EA01109F83}.Release|Any CPU.Build.0 = Release|Any CPU
		{3F2AC69B-344A-4551-B2BF-F9D08BCE5386}.Debug|Any CPU.ActiveCfg = Debug|Any CPU
		{3F2AC69B-344A-4551-B2BF-F9D08BCE5386}.Debug|Any CPU.Build.0 = Debug|Any CPU
		{3F2AC69B-344A-4551-B2BF-F9D08BCE5386}.Release|Any CPU.ActiveCfg = Release|Any CPU
		{3F2AC69B-344A-4551-B2BF-F9D08BCE5386}.Release|Any CPU.Build.0 = Release|Any CPU
	EndGlobalSection
	GlobalSection(SolutionProperties) = preSolution
		HideSolutionNode = FALSE
	EndGlobalSection
	GlobalSection(ExtensibilityGlobals) = postSolution
		SolutionGuid = {4DAAE3D5-02BA-46AF-86EE-3FC258B9F50B}
	EndGlobalSection
EndGlobal
